
Microsoft Visual Studio Solution File, Format Version 12.00
# Visual Studio Version 17
VisualStudioVersion = 17.8.34322.80
MinimumVisualStudioVersion = 10.0.40219.1
Project("{FAE04EC0-301F-11D3-BF4B-00C04F79EFBC}") = "ConsoleAppNotasEstudiantes", "ConsoleAppNotasEstudiantes\ConsoleAppNotasEstudiantes.csproj", "{65DEDB1B-CFF6-4F8D-A7B4-935C95AB0FB9}"
EndProject
Global
	GlobalSection(SolutionConfigurationPlatforms) = preSolution
		Debug|Any CPU = Debug|Any CPU
		Release|Any CPU = Release|Any CPU
	EndGlobalSection
	GlobalSection(ProjectConfigurationPlatforms) = postSolution
		{65DEDB1B-CFF6-4F8D-A7B4-935C95AB0FB9}.Debug|Any CPU.ActiveCfg = Debug|Any CPU
		{65DEDB1B-CFF6-4F8D-A7B4-935C95AB0FB9}.Debug|Any CPU.Build.0 = Debug|Any CPU
		{65DEDB1B-CFF6-4F8D-A7B4-935C95AB0FB9}.Release|Any CPU.ActiveCfg = Release|Any CPU
		{65DEDB1B-CFF6-4F8D-A7B4-935C95AB0FB9}.Release|Any CPU.Build.0 = Release|Any CPU
	EndGlobalSection
	GlobalSection(SolutionProperties) = preSolution
		HideSolutionNode = FALSE
	EndGlobalSection
	GlobalSection(ExtensibilityGlobals) = postSolution
		SolutionGuid = {437C86B3-D339-4AA6-985D-7872289B2CC4}
	EndGlobalSection
EndGlobal
